
Microsoft Visual Studio Solution File, Format Version 12.00
# Visual Studio 2015
Project("{FAE04EC0-301F-11D3-BF4B-00C04F79EFBC}") = "ProgettoTesi.CSharp", "ProgettoTesi.CSharp.csproj", "{32A02BC9-5A45-C517-2805-8A6C1E654AD8}"
EndProject
Global
	GlobalSection(SolutionConfigurationPlatforms) = preSolution
		Debug|Any CPU = Debug|Any CPU
		Release|Any CPU = Release|Any CPU
	EndGlobalSection
	GlobalSection(ProjectConfigurationPlatforms) = postSolution
		{32A02BC9-5A45-C517-2805-8A6C1E654AD8}.Debug|Any CPU.ActiveCfg = Debug|Any CPU
		{32A02BC9-5A45-C517-2805-8A6C1E654AD8}.Debug|Any CPU.Build.0 = Debug|Any CPU
		{32A02BC9-5A45-C517-2805-8A6C1E654AD8}.Release|Any CPU.ActiveCfg = Release|Any CPU
		{32A02BC9-5A45-C517-2805-8A6C1E654AD8}.Release|Any CPU.Build.0 = Release|Any CPU
	EndGlobalSection
	GlobalSection(SolutionProperties) = preSolution
		HideSolutionNode = FALSE
	EndGlobalSection
EndGlobal
