
Microsoft Visual Studio Solution File, Format Version 12.00
# Visual Studio 2015
Project("{FAE04EC0-301F-11D3-BF4B-00C04F79EFBC}") = "SanLucaBike (stadio 5 - ruote ruotanti).CSharp", "SanLucaBike (stadio 5 - ruote ruotanti).CSharp.csproj", "{D140BE77-EE0D-90D9-3550-FC13666F1D92}"
EndProject
Global
	GlobalSection(SolutionConfigurationPlatforms) = preSolution
		Debug|Any CPU = Debug|Any CPU
		Release|Any CPU = Release|Any CPU
	EndGlobalSection
	GlobalSection(ProjectConfigurationPlatforms) = postSolution
		{D140BE77-EE0D-90D9-3550-FC13666F1D92}.Debug|Any CPU.ActiveCfg = Debug|Any CPU
		{D140BE77-EE0D-90D9-3550-FC13666F1D92}.Debug|Any CPU.Build.0 = Debug|Any CPU
		{D140BE77-EE0D-90D9-3550-FC13666F1D92}.Release|Any CPU.ActiveCfg = Release|Any CPU
		{D140BE77-EE0D-90D9-3550-FC13666F1D92}.Release|Any CPU.Build.0 = Release|Any CPU
	EndGlobalSection
	GlobalSection(SolutionProperties) = preSolution
		HideSolutionNode = FALSE
	EndGlobalSection
EndGlobal
